
Microsoft Visual Studio Solution File, Format Version 12.00
# Visual Studio Version 17
VisualStudioVersion = 17.0.31903.59
MinimumVisualStudioVersion = 10.0.40219.1
Project("{FAE04EC0-301F-11D3-BF4B-00C04F79EFBC}") = "LedscanQTD", "LedscanQTD\LedscanQTD.csproj", "{2F0ADED7-9F1D-4B91-91DE-E14AB757209B}"
EndProject
Global
	GlobalSection(SolutionConfigurationPlatforms) = preSolution
		Debug|Any CPU = Debug|Any CPU
		Release|Any CPU = Release|Any CPU
	EndGlobalSection
	GlobalSection(ProjectConfigurationPlatforms) = postSolution
		{2F0ADED7-9F1D-4B91-91DE-E14AB757209B}.Debug|Any CPU.ActiveCfg = Debug|Any CPU
		{2F0ADED7-9F1D-4B91-91DE-E14AB757209B}.Debug|Any CPU.Build.0 = Debug|Any CPU
		{2F0ADED7-9F1D-4B91-91DE-E14AB757209B}.Release|Any CPU.ActiveCfg = Release|Any CPU
		{2F0ADED7-9F1D-4B91-91DE-E14AB757209B}.Release|Any CPU.Build.0 = Release|Any CPU
	EndGlobalSection
	GlobalSection(SolutionProperties) = preSolution
		HideSolutionNode = FALSE
	EndGlobalSection
	GlobalSection(ExtensibilityGlobals) = postSolution
		SolutionGuid = {C739F9A9-40C7-4E36-B757-0443E4444018}
	EndGlobalSection
EndGlobal
